
Microsoft Visual Studio Solution File, Format Version 12.00
# Visual Studio 14
VisualStudioVersion = 14.0.25420.1
MinimumVisualStudioVersion = 10.0.40219.1
Project("{FAE04EC0-301F-11D3-BF4B-00C04F79EFBC}") = "AlphaNumeric", "AlphaNumeric\AlphaNumeric.csproj", "{BBEC233E-2A5E-4BE3-898C-47EB64492AFC}"
EndProject
Project("{FAE04EC0-301F-11D3-BF4B-00C04F79EFBC}") = "AlphaNumeric.Tests", "AlphaNumeric.Tests\AlphaNumeric.Tests.csproj", "{B8529AF1-6319-4368-B8A4-8F56765A1B76}"
EndProject
Global
	GlobalSection(SolutionConfigurationPlatforms) = preSolution
		Debug|Any CPU = Debug|Any CPU
		Release|Any CPU = Release|Any CPU
	EndGlobalSection
	GlobalSection(ProjectConfigurationPlatforms) = postSolution
		{BBEC233E-2A5E-4BE3-898C-47EB64492AFC}.Debug|Any CPU.ActiveCfg = Debug|Any CPU
		{BBEC233E-2A5E-4BE3-898C-47EB64492AFC}.Debug|Any CPU.Build.0 = Debug|Any CPU
		{BBEC233E-2A5E-4BE3-898C-47EB64492AFC}.Release|Any CPU.ActiveCfg = Release|Any CPU
		{BBEC233E-2A5E-4BE3-898C-47EB64492AFC}.Release|Any CPU.Build.0 = Release|Any CPU
		{B8529AF1-6319-4368-B8A4-8F56765A1B76}.Debug|Any CPU.ActiveCfg = Debug|Any CPU
		{B8529AF1-6319-4368-B8A4-8F56765A1B76}.Debug|Any CPU.Build.0 = Debug|Any CPU
		{B8529AF1-6319-4368-B8A4-8F56765A1B76}.Release|Any CPU.ActiveCfg = Release|Any CPU
		{B8529AF1-6319-4368-B8A4-8F56765A1B76}.Release|Any CPU.Build.0 = Release|Any CPU
	EndGlobalSection
	GlobalSection(SolutionProperties) = preSolution
		HideSolutionNode = FALSE
	EndGlobalSection
EndGlobal
